// !$*UTF8*$!
{
	archiveVersion = 1;
	classes = {
	};
	objectVersion = 46;
	objects = {

/* Begin PBXBuildFile section */
		170D9CB51EFBA0EB00A4E7A0 /* MenuBar.swift in Sources */ = {isa = PBXBuildFile; fileRef = 170D9CB41EFBA0EB00A4E7A0 /* MenuBar.swift */; };
		170D9CB71EFBAE4300A4E7A0 /* Errands.swift in Sources */ = {isa = PBXBuildFile; fileRef = 170D9CB61EFBAE4300A4E7A0 /* Errands.swift */; };
		1769E6961EF13DF1002A484D /* SearchBarInNav.swift in Sources */ = {isa = PBXBuildFile; fileRef = 1769E6951EF13DF1002A484D /* SearchBarInNav.swift */; };
		17CB15871EFBD6FA00C4128D /* AcceptedTableViewCell.swift in Sources */ = {isa = PBXBuildFile; fileRef = 17CB15821EFBD6FA00C4128D /* AcceptedTableViewCell.swift */; };
		17CB15881EFBD6FA00C4128D /* AcceptedTableViewController.swift in Sources */ = {isa = PBXBuildFile; fileRef = 17CB15831EFBD6FA00C4128D /* AcceptedTableViewController.swift */; };
		17CB15891EFBD6FA00C4128D /* JobListTableViewCell.swift in Sources */ = {isa = PBXBuildFile; fileRef = 17CB15841EFBD6FA00C4128D /* JobListTableViewCell.swift */; };
		17CB158A1EFBD6FA00C4128D /* JobListTableViewController.swift in Sources */ = {isa = PBXBuildFile; fileRef = 17CB15851EFBD6FA00C4128D /* JobListTableViewController.swift */; };
		17CB158B1EFBD6FA00C4128D /* SettingTableViewController.swift in Sources */ = {isa = PBXBuildFile; fileRef = 17CB15861EFBD6FA00C4128D /* SettingTableViewController.swift */; };
		21222B8D1F0E36860068A59E /* User.swift in Sources */ = {isa = PBXBuildFile; fileRef = 21222B8C1F0E36860068A59E /* User.swift */; };
		21222B8F1F0E4B910068A59E /* SettingsTableViewCell.swift in Sources */ = {isa = PBXBuildFile; fileRef = 21222B8E1F0E4B910068A59E /* SettingsTableViewCell.swift */; };
		21222B911F122AFB0068A59E /* MenuCollectionViewCell.swift in Sources */ = {isa = PBXBuildFile; fileRef = 21222B901F122AFB0068A59E /* MenuCollectionViewCell.swift */; };
		21222B931F122C110068A59E /* BaseCollectionViewCell.swift in Sources */ = {isa = PBXBuildFile; fileRef = 21222B921F122C110068A59E /* BaseCollectionViewCell.swift */; };
		21272DC51F060FAB005A5980 /* AnimationCollectionViewController.swift in Sources */ = {isa = PBXBuildFile; fileRef = 21272DC41F060FAB005A5980 /* AnimationCollectionViewController.swift */; };
		21464EDC1F02A49C00C4FD7A /* globalVar.swift in Sources */ = {isa = PBXBuildFile; fileRef = 21464EDB1F02A49C00C4FD7A /* globalVar.swift */; };
		21464EDE1F02A6CC00C4FD7A /* MatchedFeedCell.swift in Sources */ = {isa = PBXBuildFile; fileRef = 21464EDD1F02A6CC00C4FD7A /* MatchedFeedCell.swift */; };
		2147A0C91F12DBA9003096CF /* TagBoxCell.swift in Sources */ = {isa = PBXBuildFile; fileRef = 2147A0C81F12DBA9003096CF /* TagBoxCell.swift */; };
		2147A0CB1F12EE9A003096CF /* Bolts.framework in Frameworks */ = {isa = PBXBuildFile; fileRef = 2147A0CA1F12EE9A003096CF /* Bolts.framework */; };
		2147A0CD1F12EEAB003096CF /* FBSDKCoreKit.framework in Frameworks */ = {isa = PBXBuildFile; fileRef = 2147A0CC1F12EEAB003096CF /* FBSDKCoreKit.framework */; };
		2147A0CF1F12EEC9003096CF /* FBSDKLoginKit.framework in Frameworks */ = {isa = PBXBuildFile; fileRef = 2147A0CE1F12EEC9003096CF /* FBSDKLoginKit.framework */; };
		2147A0D11F12EF5A003096CF /* FacebookLogInViewController.swift in Sources */ = {isa = PBXBuildFile; fileRef = 2147A0D01F12EF5A003096CF /* FacebookLogInViewController.swift */; };
		2147A0D31F13752E003096CF /* ChatRoom.swift in Sources */ = {isa = PBXBuildFile; fileRef = 2147A0D21F13752E003096CF /* ChatRoom.swift */; };
		2147A0D71F138579003096CF /* ChatRoomCell.swift in Sources */ = {isa = PBXBuildFile; fileRef = 2147A0D61F138579003096CF /* ChatRoomCell.swift */; };
		2147A0DF1F1397B1003096CF /* JobContactList.swift in Sources */ = {isa = PBXBuildFile; fileRef = 2147A0DE1F1397B1003096CF /* JobContactList.swift */; };
		2147A0E11F13AE1F003096CF /* CustomTabBar.swift in Sources */ = {isa = PBXBuildFile; fileRef = 2147A0E01F13AE1F003096CF /* CustomTabBar.swift */; };
		21D192861F02861900F61D57 /* Extension .swift in Sources */ = {isa = PBXBuildFile; fileRef = 21D192851F02861900F61D57 /* Extension .swift */; };
		21D192881F029D3800F61D57 /* HomeCollectionViewController.swift in Sources */ = {isa = PBXBuildFile; fileRef = 21D192871F029D3800F61D57 /* HomeCollectionViewController.swift */; };
		21F9DBB71F1272AA003B6922 /* AllFeedCell.swift in Sources */ = {isa = PBXBuildFile; fileRef = 21F9DBB51F1272AA003B6922 /* AllFeedCell.swift */; };
		21F9DBBA1F129C34003B6922 /* HomePageViewController.swift in Sources */ = {isa = PBXBuildFile; fileRef = 21F9DBB91F129C34003B6922 /* HomePageViewController.swift */; };
		21F9DBBE1F12C8DB003B6922 /* AllFeedTableViewController.swift in Sources */ = {isa = PBXBuildFile; fileRef = 21F9DBBD1F12C8DB003B6922 /* AllFeedTableViewController.swift */; };
		21F9DBC01F12D87E003B6922 /* SettingsViewController.swift in Sources */ = {isa = PBXBuildFile; fileRef = 21F9DBBF1F12D87E003B6922 /* SettingsViewController.swift */; };
		21FBB0BA1F05A15C009F9D74 /* TagsCollectionViewCell.swift in Sources */ = {isa = PBXBuildFile; fileRef = 21FBB0B91F05A15C009F9D74 /* TagsCollectionViewCell.swift */; };
		21FBB0BC1F05A197009F9D74 /* TagsCollectionViewController.swift in Sources */ = {isa = PBXBuildFile; fileRef = 21FBB0BB1F05A197009F9D74 /* TagsCollectionViewController.swift */; };
		2736D0021EFF74520024C99C /* AddPostTableViewController.swift in Sources */ = {isa = PBXBuildFile; fileRef = 2736D0011EFF74520024C99C /* AddPostTableViewController.swift */; };
		2ACC2CC91F0EE2B100A50193 /* AcceptedDetailTableViewController.swift in Sources */ = {isa = PBXBuildFile; fileRef = 2ACC2CC81F0EE2B100A50193 /* AcceptedDetailTableViewController.swift */; };
		2ACC2CCB1F0EE2FC00A50193 /* AcceptedDetailTableViewCell.swift in Sources */ = {isa = PBXBuildFile; fileRef = 2ACC2CCA1F0EE2FC00A50193 /* AcceptedDetailTableViewCell.swift */; };
		2ACC2CCD1F0EE53000A50193 /* JobListDetailTableViewCell.swift in Sources */ = {isa = PBXBuildFile; fileRef = 2ACC2CCC1F0EE53000A50193 /* JobListDetailTableViewCell.swift */; };
		2ACC2CCF1F0EE53600A50193 /* JobListDetailTableViewController.swift in Sources */ = {isa = PBXBuildFile; fileRef = 2ACC2CCE1F0EE53600A50193 /* JobListDetailTableViewController.swift */; };
		42A0EE551F13CBE30059FA8A /* setNickNameViewController.swift in Sources */ = {isa = PBXBuildFile; fileRef = 42A0EE541F13CBE30059FA8A /* setNickNameViewController.swift */; };
		42A0FDDD1F137A0C00D6D41D /* Server.swift in Sources */ = {isa = PBXBuildFile; fileRef = 42A0FDDC1F137A0C00D6D41D /* Server.swift */; };
		572B0AA41F02083900FDCB4A /* HomePageDetailViewController.swift in Sources */ = {isa = PBXBuildFile; fileRef = 572B0AA31F02083900FDCB4A /* HomePageDetailViewController.swift */; };
		572B0AA61F020F9B00FDCB4A /* HomePageDetailTableViewCell.swift in Sources */ = {isa = PBXBuildFile; fileRef = 572B0AA51F020F9B00FDCB4A /* HomePageDetailTableViewCell.swift */; };
		57E9DC581F0B717600D63DFC /* JobList.swift in Sources */ = {isa = PBXBuildFile; fileRef = 57E9DC571F0B717600D63DFC /* JobList.swift */; };
		ACB86D00B5240D8CD68F382B /* Pods_Errandzon.framework in Frameworks */ = {isa = PBXBuildFile; fileRef = FDEBABA9860AA9FDDA16126C /* Pods_Errandzon.framework */; };
		B78310E01EE52385000AF2CF /* AppDelegate.swift in Sources */ = {isa = PBXBuildFile; fileRef = B78310DF1EE52385000AF2CF /* AppDelegate.swift */; };
		B78310E51EE52385000AF2CF /* Main.storyboard in Resources */ = {isa = PBXBuildFile; fileRef = B78310E31EE52385000AF2CF /* Main.storyboard */; settings = {ASSET_TAGS = (1, 2, ); }; };
		B78310E71EE52385000AF2CF /* Assets.xcassets in Resources */ = {isa = PBXBuildFile; fileRef = B78310E61EE52385000AF2CF /* Assets.xcassets */; };
		B78310EA1EE52385000AF2CF /* LaunchScreen.storyboard in Resources */ = {isa = PBXBuildFile; fileRef = B78310E81EE52385000AF2CF /* LaunchScreen.storyboard */; };
/* End PBXBuildFile section */

/* Begin PBXFileReference section */
		170D9CB41EFBA0EB00A4E7A0 /* MenuBar.swift */ = {isa = PBXFileReference; fileEncoding = 4; lastKnownFileType = sourcecode.swift; path = MenuBar.swift; sourceTree = "<group>"; };
		170D9CB61EFBAE4300A4E7A0 /* Errands.swift */ = {isa = PBXFileReference; fileEncoding = 4; lastKnownFileType = sourcecode.swift; path = Errands.swift; sourceTree = "<group>"; };
		1769E6951EF13DF1002A484D /* SearchBarInNav.swift */ = {isa = PBXFileReference; fileEncoding = 4; lastKnownFileType = sourcecode.swift; path = SearchBarInNav.swift; sourceTree = "<group>"; };
		17CB15821EFBD6FA00C4128D /* AcceptedTableViewCell.swift */ = {isa = PBXFileReference; fileEncoding = 4; lastKnownFileType = sourcecode.swift; path = AcceptedTableViewCell.swift; sourceTree = "<group>"; };
		17CB15831EFBD6FA00C4128D /* AcceptedTableViewController.swift */ = {isa = PBXFileReference; fileEncoding = 4; lastKnownFileType = sourcecode.swift; path = AcceptedTableViewController.swift; sourceTree = "<group>"; };
		17CB15841EFBD6FA00C4128D /* JobListTableViewCell.swift */ = {isa = PBXFileReference; fileEncoding = 4; lastKnownFileType = sourcecode.swift; path = JobListTableViewCell.swift; sourceTree = "<group>"; };
		17CB15851EFBD6FA00C4128D /* JobListTableViewController.swift */ = {isa = PBXFileReference; fileEncoding = 4; lastKnownFileType = sourcecode.swift; path = JobListTableViewController.swift; sourceTree = "<group>"; };
		17CB15861EFBD6FA00C4128D /* SettingTableViewController.swift */ = {isa = PBXFileReference; fileEncoding = 4; lastKnownFileType = sourcecode.swift; path = SettingTableViewController.swift; sourceTree = "<group>"; };
		21222B8C1F0E36860068A59E /* User.swift */ = {isa = PBXFileReference; fileEncoding = 4; lastKnownFileType = sourcecode.swift; path = User.swift; sourceTree = "<group>"; };
		21222B8E1F0E4B910068A59E /* SettingsTableViewCell.swift */ = {isa = PBXFileReference; fileEncoding = 4; lastKnownFileType = sourcecode.swift; path = SettingsTableViewCell.swift; sourceTree = "<group>"; };
		21222B901F122AFB0068A59E /* MenuCollectionViewCell.swift */ = {isa = PBXFileReference; fileEncoding = 4; lastKnownFileType = sourcecode.swift; path = MenuCollectionViewCell.swift; sourceTree = "<group>"; };
		21222B921F122C110068A59E /* BaseCollectionViewCell.swift */ = {isa = PBXFileReference; fileEncoding = 4; lastKnownFileType = sourcecode.swift; path = BaseCollectionViewCell.swift; sourceTree = "<group>"; };
		21272DC41F060FAB005A5980 /* AnimationCollectionViewController.swift */ = {isa = PBXFileReference; fileEncoding = 4; lastKnownFileType = sourcecode.swift; path = AnimationCollectionViewController.swift; sourceTree = "<group>"; };
		21464EDB1F02A49C00C4FD7A /* globalVar.swift */ = {isa = PBXFileReference; fileEncoding = 4; lastKnownFileType = sourcecode.swift; path = globalVar.swift; sourceTree = "<group>"; };
		21464EDD1F02A6CC00C4FD7A /* MatchedFeedCell.swift */ = {isa = PBXFileReference; fileEncoding = 4; lastKnownFileType = sourcecode.swift; path = MatchedFeedCell.swift; sourceTree = "<group>"; };
		2147A0C81F12DBA9003096CF /* TagBoxCell.swift */ = {isa = PBXFileReference; fileEncoding = 4; lastKnownFileType = sourcecode.swift; path = TagBoxCell.swift; sourceTree = "<group>"; };
		2147A0CA1F12EE9A003096CF /* Bolts.framework */ = {isa = PBXFileReference; lastKnownFileType = wrapper.framework; path = Bolts.framework; sourceTree = SOURCE_ROOT; };
		2147A0CC1F12EEAB003096CF /* FBSDKCoreKit.framework */ = {isa = PBXFileReference; lastKnownFileType = wrapper.framework; path = FBSDKCoreKit.framework; sourceTree = "<group>"; };
		2147A0CE1F12EEC9003096CF /* FBSDKLoginKit.framework */ = {isa = PBXFileReference; lastKnownFileType = wrapper.framework; path = FBSDKLoginKit.framework; sourceTree = "<group>"; };
		2147A0D01F12EF5A003096CF /* FacebookLogInViewController.swift */ = {isa = PBXFileReference; fileEncoding = 4; lastKnownFileType = sourcecode.swift; path = FacebookLogInViewController.swift; sourceTree = "<group>"; };
		2147A0D21F13752E003096CF /* ChatRoom.swift */ = {isa = PBXFileReference; fileEncoding = 4; lastKnownFileType = sourcecode.swift; path = ChatRoom.swift; sourceTree = "<group>"; };
		2147A0D41F137630003096CF /* AcceptPage.swift */ = {isa = PBXFileReference; fileEncoding = 4; lastKnownFileType = sourcecode.swift; path = AcceptPage.swift; sourceTree = "<group>"; };
		2147A0D61F138579003096CF /* ChatRoomCell.swift */ = {isa = PBXFileReference; fileEncoding = 4; lastKnownFileType = sourcecode.swift; path = ChatRoomCell.swift; sourceTree = "<group>"; };
		2147A0DE1F1397B1003096CF /* JobContactList.swift */ = {isa = PBXFileReference; fileEncoding = 4; lastKnownFileType = sourcecode.swift; path = JobContactList.swift; sourceTree = "<group>"; };
		2147A0E01F13AE1F003096CF /* CustomTabBar.swift */ = {isa = PBXFileReference; fileEncoding = 4; lastKnownFileType = sourcecode.swift; path = CustomTabBar.swift; sourceTree = "<group>"; };
		21D192851F02861900F61D57 /* Extension .swift */ = {isa = PBXFileReference; fileEncoding = 4; lastKnownFileType = sourcecode.swift; path = "Extension .swift"; sourceTree = "<group>"; };
		21D192871F029D3800F61D57 /* HomeCollectionViewController.swift */ = {isa = PBXFileReference; fileEncoding = 4; lastKnownFileType = sourcecode.swift; path = HomeCollectionViewController.swift; sourceTree = "<group>"; };
		21F9DBB51F1272AA003B6922 /* AllFeedCell.swift */ = {isa = PBXFileReference; fileEncoding = 4; lastKnownFileType = sourcecode.swift; path = AllFeedCell.swift; sourceTree = "<group>"; };
		21F9DBB91F129C34003B6922 /* HomePageViewController.swift */ = {isa = PBXFileReference; fileEncoding = 4; lastKnownFileType = sourcecode.swift; path = HomePageViewController.swift; sourceTree = "<group>"; };
		21F9DBBD1F12C8DB003B6922 /* AllFeedTableViewController.swift */ = {isa = PBXFileReference; fileEncoding = 4; lastKnownFileType = sourcecode.swift; path = AllFeedTableViewController.swift; sourceTree = "<group>"; };
		21F9DBBF1F12D87E003B6922 /* SettingsViewController.swift */ = {isa = PBXFileReference; fileEncoding = 4; lastKnownFileType = sourcecode.swift; path = SettingsViewController.swift; sourceTree = "<group>"; };
		21FBB0B91F05A15C009F9D74 /* TagsCollectionViewCell.swift */ = {isa = PBXFileReference; fileEncoding = 4; lastKnownFileType = sourcecode.swift; path = TagsCollectionViewCell.swift; sourceTree = "<group>"; };
		21FBB0BB1F05A197009F9D74 /* TagsCollectionViewController.swift */ = {isa = PBXFileReference; fileEncoding = 4; lastKnownFileType = sourcecode.swift; path = TagsCollectionViewController.swift; sourceTree = "<group>"; };
		2736D0011EFF74520024C99C /* AddPostTableViewController.swift */ = {isa = PBXFileReference; fileEncoding = 4; lastKnownFileType = sourcecode.swift; path = AddPostTableViewController.swift; sourceTree = "<group>"; };
		2ACC2CC81F0EE2B100A50193 /* AcceptedDetailTableViewController.swift */ = {isa = PBXFileReference; fileEncoding = 4; lastKnownFileType = sourcecode.swift; path = AcceptedDetailTableViewController.swift; sourceTree = "<group>"; };
		2ACC2CCA1F0EE2FC00A50193 /* AcceptedDetailTableViewCell.swift */ = {isa = PBXFileReference; fileEncoding = 4; lastKnownFileType = sourcecode.swift; path = AcceptedDetailTableViewCell.swift; sourceTree = "<group>"; };
		2ACC2CCC1F0EE53000A50193 /* JobListDetailTableViewCell.swift */ = {isa = PBXFileReference; fileEncoding = 4; lastKnownFileType = sourcecode.swift; path = JobListDetailTableViewCell.swift; sourceTree = "<group>"; };
		2ACC2CCE1F0EE53600A50193 /* JobListDetailTableViewController.swift */ = {isa = PBXFileReference; fileEncoding = 4; lastKnownFileType = sourcecode.swift; path = JobListDetailTableViewController.swift; sourceTree = "<group>"; };
		42A0EE541F13CBE30059FA8A /* setNickNameViewController.swift */ = {isa = PBXFileReference; fileEncoding = 4; lastKnownFileType = sourcecode.swift; path = setNickNameViewController.swift; sourceTree = "<group>"; };
		42A0FDDC1F137A0C00D6D41D /* Server.swift */ = {isa = PBXFileReference; fileEncoding = 4; lastKnownFileType = sourcecode.swift; path = Server.swift; sourceTree = "<group>"; };
		572B0AA31F02083900FDCB4A /* HomePageDetailViewController.swift */ = {isa = PBXFileReference; fileEncoding = 4; lastKnownFileType = sourcecode.swift; name = HomePageDetailViewController.swift; path = ../HomePageDetailViewController.swift; sourceTree = "<group>"; };
		572B0AA51F020F9B00FDCB4A /* HomePageDetailTableViewCell.swift */ = {isa = PBXFileReference; fileEncoding = 4; lastKnownFileType = sourcecode.swift; path = HomePageDetailTableViewCell.swift; sourceTree = "<group>"; };
		57E9DC571F0B717600D63DFC /* JobList.swift */ = {isa = PBXFileReference; fileEncoding = 4; lastKnownFileType = sourcecode.swift; path = JobList.swift; sourceTree = "<group>"; };
		6B05E1425E151C0CEF53E273 /* Pods-Errandzon.release.xcconfig */ = {isa = PBXFileReference; includeInIndex = 1; lastKnownFileType = text.xcconfig; name = "Pods-Errandzon.release.xcconfig"; path = "Pods/Target Support Files/Pods-Errandzon/Pods-Errandzon.release.xcconfig"; sourceTree = "<group>"; };
		896A4E2DE1476A9F551C0679 /* Pods-Errandzon.debug.xcconfig */ = {isa = PBXFileReference; includeInIndex = 1; lastKnownFileType = text.xcconfig; name = "Pods-Errandzon.debug.xcconfig"; path = "Pods/Target Support Files/Pods-Errandzon/Pods-Errandzon.debug.xcconfig"; sourceTree = "<group>"; };
		B78310DC1EE52385000AF2CF /* Errandzon.app */ = {isa = PBXFileReference; explicitFileType = wrapper.application; includeInIndex = 0; path = Errandzon.app; sourceTree = BUILT_PRODUCTS_DIR; };
		B78310DF1EE52385000AF2CF /* AppDelegate.swift */ = {isa = PBXFileReference; lastKnownFileType = sourcecode.swift; path = AppDelegate.swift; sourceTree = "<group>"; };
		B78310E41EE52385000AF2CF /* Base */ = {isa = PBXFileReference; lastKnownFileType = file.storyboard; name = Base; path = Base.lproj/Main.storyboard; sourceTree = "<group>"; };
		B78310E61EE52385000AF2CF /* Assets.xcassets */ = {isa = PBXFileReference; lastKnownFileType = folder.assetcatalog; path = Assets.xcassets; sourceTree = "<group>"; };
		B78310E91EE52385000AF2CF /* Base */ = {isa = PBXFileReference; lastKnownFileType = file.storyboard; name = Base; path = Base.lproj/LaunchScreen.storyboard; sourceTree = "<group>"; };
		B78310EB1EE52385000AF2CF /* Info.plist */ = {isa = PBXFileReference; lastKnownFileType = text.plist.xml; path = Info.plist; sourceTree = "<group>"; };
		FDEBABA9860AA9FDDA16126C /* Pods_Errandzon.framework */ = {isa = PBXFileReference; explicitFileType = wrapper.framework; includeInIndex = 0; path = Pods_Errandzon.framework; sourceTree = BUILT_PRODUCTS_DIR; };
/* End PBXFileReference section */

/* Begin PBXFrameworksBuildPhase section */
		B78310D91EE52385000AF2CF /* Frameworks */ = {
			isa = PBXFrameworksBuildPhase;
			buildActionMask = 2147483647;
			files = (
				ACB86D00B5240D8CD68F382B /* Pods_Errandzon.framework in Frameworks */,
				2147A0CD1F12EEAB003096CF /* FBSDKCoreKit.framework in Frameworks */,
				2147A0CF1F12EEC9003096CF /* FBSDKLoginKit.framework in Frameworks */,
				2147A0CB1F12EE9A003096CF /* Bolts.framework in Frameworks */,
			);
			runOnlyForDeploymentPostprocessing = 0;
		};
/* End PBXFrameworksBuildPhase section */

/* Begin PBXGroup section */
		21D192821F0285AF00F61D57 /* Views */ = {
			isa = PBXGroup;
			children = (
				2ACC2CCC1F0EE53000A50193 /* JobListDetailTableViewCell.swift */,
				17CB15841EFBD6FA00C4128D /* JobListTableViewCell.swift */,
				572B0AA51F020F9B00FDCB4A /* HomePageDetailTableViewCell.swift */,
				2ACC2CCA1F0EE2FC00A50193 /* AcceptedDetailTableViewCell.swift */,
				17CB15821EFBD6FA00C4128D /* AcceptedTableViewCell.swift */,
				21464EDD1F02A6CC00C4FD7A /* MatchedFeedCell.swift */,
				21222B8E1F0E4B910068A59E /* SettingsTableViewCell.swift */,
				21222B901F122AFB0068A59E /* MenuCollectionViewCell.swift */,
				2147A0C81F12DBA9003096CF /* TagBoxCell.swift */,
				21FBB0B91F05A15C009F9D74 /* TagsCollectionViewCell.swift */,
				21222B921F122C110068A59E /* BaseCollectionViewCell.swift */,
				21F9DBB51F1272AA003B6922 /* AllFeedCell.swift */,
				2147A0D61F138579003096CF /* ChatRoomCell.swift */,
			);
			name = Views;
			sourceTree = "<group>";
		};
		21D192831F0285CB00F61D57 /* Extensions */ = {
			isa = PBXGroup;
			children = (
				21D192851F02861900F61D57 /* Extension .swift */,
			);
			name = Extensions;
			sourceTree = "<group>";
		};
		21D192841F0285EB00F61D57 /* Controllers */ = {
			isa = PBXGroup;
			children = (
				42A0EE541F13CBE30059FA8A /* setNickNameViewController.swift */,
				2147A0D01F12EF5A003096CF /* FacebookLogInViewController.swift */,
				17CB15851EFBD6FA00C4128D /* JobListTableViewController.swift */,
				2ACC2CCE1F0EE53600A50193 /* JobListDetailTableViewController.swift */,
				17CB15831EFBD6FA00C4128D /* AcceptedTableViewController.swift */,
				2ACC2CC81F0EE2B100A50193 /* AcceptedDetailTableViewController.swift */,
				572B0AA31F02083900FDCB4A /* HomePageDetailViewController.swift */,
				17CB15861EFBD6FA00C4128D /* SettingTableViewController.swift */,
				21272DC41F060FAB005A5980 /* AnimationCollectionViewController.swift */,
				170D9CB41EFBA0EB00A4E7A0 /* MenuBar.swift */,
				21F9DBBF1F12D87E003B6922 /* SettingsViewController.swift */,
				21F9DBB91F129C34003B6922 /* HomePageViewController.swift */,
				21D192871F029D3800F61D57 /* HomeCollectionViewController.swift */,
				21F9DBBD1F12C8DB003B6922 /* AllFeedTableViewController.swift */,
				2147A0D21F13752E003096CF /* ChatRoom.swift */,
				2147A0D41F137630003096CF /* AcceptPage.swift */,
				2147A0DE1F1397B1003096CF /* JobContactList.swift */,
				2147A0E01F13AE1F003096CF /* CustomTabBar.swift */,
				2736D0011EFF74520024C99C /* AddPostTableViewController.swift */,
				21FBB0BB1F05A197009F9D74 /* TagsCollectionViewController.swift */,
			);
			name = Controllers;
			sourceTree = "<group>";
		};
		21F9DBAE1F124FC5003B6922 /* Models */ = {
			isa = PBXGroup;
			children = (
				21222B8C1F0E36860068A59E /* User.swift */,
				57E9DC571F0B717600D63DFC /* JobList.swift */,
				21464EDB1F02A49C00C4FD7A /* globalVar.swift */,
				170D9CB61EFBAE4300A4E7A0 /* Errands.swift */,
				42A0FDDC1F137A0C00D6D41D /* Server.swift */,
			);
			name = Models;
			sourceTree = "<group>";
		};
		506D377F5C2B23C734C42B03 /* Pods */ = {
			isa = PBXGroup;
			children = (
				896A4E2DE1476A9F551C0679 /* Pods-Errandzon.debug.xcconfig */,
				6B05E1425E151C0CEF53E273 /* Pods-Errandzon.release.xcconfig */,
			);
			name = Pods;
			sourceTree = "<group>";
		};
		B78310D31EE52385000AF2CF = {
			isa = PBXGroup;
			children = (
				2147A0CE1F12EEC9003096CF /* FBSDKLoginKit.framework */,
				2147A0CA1F12EE9A003096CF /* Bolts.framework */,
				2147A0CC1F12EEAB003096CF /* FBSDKCoreKit.framework */,
				B78310DE1EE52385000AF2CF /* Errandzon */,
				B78310DD1EE52385000AF2CF /* Products */,
				506D377F5C2B23C734C42B03 /* Pods */,
				DD5A74D7F97C1474DD8234FB /* Frameworks */,
			);
			sourceTree = "<group>";
		};
		B78310DD1EE52385000AF2CF /* Products */ = {
			isa = PBXGroup;
			children = (
				B78310DC1EE52385000AF2CF /* Errandzon.app */,
			);
			name = Products;
			sourceTree = "<group>";
		};
		B78310DE1EE52385000AF2CF /* Errandzon */ = {
			isa = PBXGroup;
			children = (
				21F9DBAE1F124FC5003B6922 /* Models */,
				21D192841F0285EB00F61D57 /* Controllers */,
				21D192831F0285CB00F61D57 /* Extensions */,
				21D192821F0285AF00F61D57 /* Views */,
				B78310DF1EE52385000AF2CF /* AppDelegate.swift */,
				B78310E31EE52385000AF2CF /* Main.storyboard */,
				B78310E61EE52385000AF2CF /* Assets.xcassets */,
				B78310E81EE52385000AF2CF /* LaunchScreen.storyboard */,
				B78310EB1EE52385000AF2CF /* Info.plist */,
				1769E6951EF13DF1002A484D /* SearchBarInNav.swift */,
			);
			path = Errandzon;
			sourceTree = "<group>";
		};
		DD5A74D7F97C1474DD8234FB /* Frameworks */ = {
			isa = PBXGroup;
			children = (
				FDEBABA9860AA9FDDA16126C /* Pods_Errandzon.framework */,
			);
			name = Frameworks;
			sourceTree = "<group>";
		};
/* End PBXGroup section */

/* Begin PBXNativeTarget section */
		B78310DB1EE52385000AF2CF /* Errandzon */ = {
			isa = PBXNativeTarget;
			buildConfigurationList = B78310EE1EE52385000AF2CF /* Build configuration list for PBXNativeTarget "Errandzon" */;
			buildPhases = (
				7EAB3FB5697D5C89E4FC50EF /* [CP] Check Pods Manifest.lock */,
				B78310D81EE52385000AF2CF /* Sources */,
				B78310D91EE52385000AF2CF /* Frameworks */,
				B78310DA1EE52385000AF2CF /* Resources */,
				61036346774AC2CC9779D3B0 /* [CP] Embed Pods Frameworks */,
				3BAC107D9FB56BA0AB49A528 /* [CP] Copy Pods Resources */,
			);
			buildRules = (
			);
			dependencies = (
			);
			name = Errandzon;
			productName = Errandzon;
			productReference = B78310DC1EE52385000AF2CF /* Errandzon.app */;
			productType = "com.apple.product-type.application";
		};
/* End PBXNativeTarget section */

/* Begin PBXProject section */
		B78310D41EE52385000AF2CF /* Project object */ = {
			isa = PBXProject;
			attributes = {
				KnownAssetTags = (
					1,
					2,
				);
				LastSwiftUpdateCheck = 0830;
				LastUpgradeCheck = 0830;
				ORGANIZATIONNAME = Revolutionaries;
				TargetAttributes = {
					B78310DB1EE52385000AF2CF = {
						CreatedOnToolsVersion = 8.3.2;
						DevelopmentTeam = ZFEYLX8LPQ;
						ProvisioningStyle = Automatic;
					};
				};
			};
			buildConfigurationList = B78310D71EE52385000AF2CF /* Build configuration list for PBXProject "Errandzon" */;
			compatibilityVersion = "Xcode 3.2";
			developmentRegion = English;
			hasScannedForEncodings = 0;
			knownRegions = (
				en,
				Base,
			);
			mainGroup = B78310D31EE52385000AF2CF;
			productRefGroup = B78310DD1EE52385000AF2CF /* Products */;
			projectDirPath = "";
			projectRoot = "";
			targets = (
				B78310DB1EE52385000AF2CF /* Errandzon */,
			);
		};
/* End PBXProject section */

/* Begin PBXResourcesBuildPhase section */
		B78310DA1EE52385000AF2CF /* Resources */ = {
			isa = PBXResourcesBuildPhase;
			buildActionMask = 2147483647;
			files = (
				B78310EA1EE52385000AF2CF /* LaunchScreen.storyboard in Resources */,
				B78310E71EE52385000AF2CF /* Assets.xcassets in Resources */,
				B78310E51EE52385000AF2CF /* Main.storyboard in Resources */,
			);
			runOnlyForDeploymentPostprocessing = 0;
		};
/* End PBXResourcesBuildPhase section */

/* Begin PBXShellScriptBuildPhase section */
		3BAC107D9FB56BA0AB49A528 /* [CP] Copy Pods Resources */ = {
			isa = PBXShellScriptBuildPhase;
			buildActionMask = 2147483647;
			files = (
			);
			inputPaths = (
			);
			name = "[CP] Copy Pods Resources";
			outputPaths = (
			);
			runOnlyForDeploymentPostprocessing = 0;
			shellPath = /bin/sh;
			shellScript = "\"${SRCROOT}/Pods/Target Support Files/Pods-Errandzon/Pods-Errandzon-resources.sh\"\n";
			showEnvVarsInLog = 0;
		};
		61036346774AC2CC9779D3B0 /* [CP] Embed Pods Frameworks */ = {
			isa = PBXShellScriptBuildPhase;
			buildActionMask = 2147483647;
			files = (
			);
			inputPaths = (
			);
			name = "[CP] Embed Pods Frameworks";
			outputPaths = (
			);
			runOnlyForDeploymentPostprocessing = 0;
			shellPath = /bin/sh;
			shellScript = "\"${SRCROOT}/Pods/Target Support Files/Pods-Errandzon/Pods-Errandzon-frameworks.sh\"\n";
			showEnvVarsInLog = 0;
		};
		7EAB3FB5697D5C89E4FC50EF /* [CP] Check Pods Manifest.lock */ = {
			isa = PBXShellScriptBuildPhase;
			buildActionMask = 2147483647;
			files = (
			);
			inputPaths = (
			);
			name = "[CP] Check Pods Manifest.lock";
			outputPaths = (
			);
			runOnlyForDeploymentPostprocessing = 0;
			shellPath = /bin/sh;
			shellScript = "diff \"${PODS_PODFILE_DIR_PATH}/Podfile.lock\" \"${PODS_ROOT}/Manifest.lock\" > /dev/null\nif [ $? != 0 ] ; then\n    # print error to STDERR\n    echo \"error: The sandbox is not in sync with the Podfile.lock. Run 'pod install' or update your CocoaPods installation.\" >&2\n    exit 1\nfi\n";
			showEnvVarsInLog = 0;
		};
/* End PBXShellScriptBuildPhase section */

/* Begin PBXSourcesBuildPhase section */
		B78310D81EE52385000AF2CF /* Sources */ = {
			isa = PBXSourcesBuildPhase;
			buildActionMask = 2147483647;
			files = (
				42A0FDDD1F137A0C00D6D41D /* Server.swift in Sources */,
				2736D0021EFF74520024C99C /* AddPostTableViewController.swift in Sources */,
				21FBB0BA1F05A15C009F9D74 /* TagsCollectionViewCell.swift in Sources */,
				57E9DC581F0B717600D63DFC /* JobList.swift in Sources */,
				17CB15891EFBD6FA00C4128D /* JobListTableViewCell.swift in Sources */,
				2ACC2CC91F0EE2B100A50193 /* AcceptedDetailTableViewController.swift in Sources */,
				572B0AA41F02083900FDCB4A /* HomePageDetailViewController.swift in Sources */,
				17CB158A1EFBD6FA00C4128D /* JobListTableViewController.swift in Sources */,
				21FBB0BC1F05A197009F9D74 /* TagsCollectionViewController.swift in Sources */,
				17CB15881EFBD6FA00C4128D /* AcceptedTableViewController.swift in Sources */,
				2ACC2CCD1F0EE53000A50193 /* JobListDetailTableViewCell.swift in Sources */,
				21D192881F029D3800F61D57 /* HomeCollectionViewController.swift in Sources */,
				2147A0DF1F1397B1003096CF /* JobContactList.swift in Sources */,
				2147A0C91F12DBA9003096CF /* TagBoxCell.swift in Sources */,
				21464EDC1F02A49C00C4FD7A /* globalVar.swift in Sources */,
				B78310E01EE52385000AF2CF /* AppDelegate.swift in Sources */,
				2147A0E11F13AE1F003096CF /* CustomTabBar.swift in Sources */,
				21222B8F1F0E4B910068A59E /* SettingsTableViewCell.swift in Sources */,
				2147A0D11F12EF5A003096CF /* FacebookLogInViewController.swift in Sources */,
				21222B911F122AFB0068A59E /* MenuCollectionViewCell.swift in Sources */,
				2ACC2CCF1F0EE53600A50193 /* JobListDetailTableViewController.swift in Sources */,
				2147A0D31F13752E003096CF /* ChatRoom.swift in Sources */,
				21464EDE1F02A6CC00C4FD7A /* MatchedFeedCell.swift in Sources */,
				21272DC51F060FAB005A5980 /* AnimationCollectionViewController.swift in Sources */,
				21D192861F02861900F61D57 /* Extension .swift in Sources */,
				21F9DBBE1F12C8DB003B6922 /* AllFeedTableViewController.swift in Sources */,
				170D9CB51EFBA0EB00A4E7A0 /* MenuBar.swift in Sources */,
				42A0EE551F13CBE30059FA8A /* setNickNameViewController.swift in Sources */,
				21222B931F122C110068A59E /* BaseCollectionViewCell.swift in Sources */,
				1769E6961EF13DF1002A484D /* SearchBarInNav.swift in Sources */,
				170D9CB71EFBAE4300A4E7A0 /* Errands.swift in Sources */,
				17CB158B1EFBD6FA00C4128D /* SettingTableViewController.swift in Sources */,
				21F9DBB71F1272AA003B6922 /* AllFeedCell.swift in Sources */,
				21222B8D1F0E36860068A59E /* User.swift in Sources */,
				21F9DBC01F12D87E003B6922 /* SettingsViewController.swift in Sources */,
				2147A0D71F138579003096CF /* ChatRoomCell.swift in Sources */,
				2ACC2CCB1F0EE2FC00A50193 /* AcceptedDetailTableViewCell.swift in Sources */,
				572B0AA61F020F9B00FDCB4A /* HomePageDetailTableViewCell.swift in Sources */,
				17CB15871EFBD6FA00C4128D /* AcceptedTableViewCell.swift in Sources */,
				21F9DBBA1F129C34003B6922 /* HomePageViewController.swift in Sources */,
			);
			runOnlyForDeploymentPostprocessing = 0;
		};
/* End PBXSourcesBuildPhase section */

/* Begin PBXVariantGroup section */
		B78310E31EE52385000AF2CF /* Main.storyboard */ = {
			isa = PBXVariantGroup;
			children = (
				B78310E41EE52385000AF2CF /* Base */,
			);
			name = Main.storyboard;
			sourceTree = "<group>";
		};
		B78310E81EE52385000AF2CF /* LaunchScreen.storyboard */ = {
			isa = PBXVariantGroup;
			children = (
				B78310E91EE52385000AF2CF /* Base */,
			);
			name = LaunchScreen.storyboard;
			sourceTree = "<group>";
		};
/* End PBXVariantGroup section */

/* Begin XCBuildConfiguration section */
		B78310EC1EE52385000AF2CF /* Debug */ = {
			isa = XCBuildConfiguration;
			buildSettings = {
				ALWAYS_SEARCH_USER_PATHS = NO;
				CLANG_ANALYZER_NONNULL = YES;
				CLANG_ANALYZER_NUMBER_OBJECT_CONVERSION = YES_AGGRESSIVE;
				CLANG_CXX_LANGUAGE_STANDARD = "gnu++0x";
				CLANG_CXX_LIBRARY = "libc++";
				CLANG_ENABLE_MODULES = YES;
				CLANG_ENABLE_OBJC_ARC = YES;
				CLANG_WARN_BOOL_CONVERSION = YES;
				CLANG_WARN_CONSTANT_CONVERSION = YES;
				CLANG_WARN_DIRECT_OBJC_ISA_USAGE = YES_ERROR;
				CLANG_WARN_DOCUMENTATION_COMMENTS = YES;
				CLANG_WARN_EMPTY_BODY = YES;
				CLANG_WARN_ENUM_CONVERSION = YES;
				CLANG_WARN_INFINITE_RECURSION = YES;
				CLANG_WARN_INT_CONVERSION = YES;
				CLANG_WARN_OBJC_ROOT_CLASS = YES_ERROR;
				CLANG_WARN_SUSPICIOUS_MOVE = YES;
				CLANG_WARN_UNREACHABLE_CODE = YES;
				CLANG_WARN__DUPLICATE_METHOD_MATCH = YES;
				"CODE_SIGN_IDENTITY[sdk=iphoneos*]" = "iPhone Developer";
				COPY_PHASE_STRIP = NO;
				DEBUG_INFORMATION_FORMAT = dwarf;
				ENABLE_STRICT_OBJC_MSGSEND = YES;
				ENABLE_TESTABILITY = YES;
				GCC_C_LANGUAGE_STANDARD = gnu99;
				GCC_DYNAMIC_NO_PIC = NO;
				GCC_NO_COMMON_BLOCKS = YES;
				GCC_OPTIMIZATION_LEVEL = 0;
				GCC_PREPROCESSOR_DEFINITIONS = (
					"DEBUG=1",
					"$(inherited)",
				);
				GCC_WARN_64_TO_32_BIT_CONVERSION = YES;
				GCC_WARN_ABOUT_RETURN_TYPE = YES_ERROR;
				GCC_WARN_UNDECLARED_SELECTOR = YES;
				GCC_WARN_UNINITIALIZED_AUTOS = YES_AGGRESSIVE;
				GCC_WARN_UNUSED_FUNCTION = YES;
				GCC_WARN_UNUSED_VARIABLE = YES;
				IPHONEOS_DEPLOYMENT_TARGET = 10.3;
				MTL_ENABLE_DEBUG_INFO = YES;
				ONLY_ACTIVE_ARCH = YES;
				SDKROOT = iphoneos;
				SWIFT_ACTIVE_COMPILATION_CONDITIONS = DEBUG;
				SWIFT_OPTIMIZATION_LEVEL = "-Onone";
				TARGETED_DEVICE_FAMILY = "1,2";
			};
			name = Debug;
		};
		B78310ED1EE52385000AF2CF /* Release */ = {
			isa = XCBuildConfiguration;
			buildSettings = {
				ALWAYS_SEARCH_USER_PATHS = NO;
				CLANG_ANALYZER_NONNULL = YES;
				CLANG_ANALYZER_NUMBER_OBJECT_CONVERSION = YES_AGGRESSIVE;
				CLANG_CXX_LANGUAGE_STANDARD = "gnu++0x";
				CLANG_CXX_LIBRARY = "libc++";
				CLANG_ENABLE_MODULES = YES;
				CLANG_ENABLE_OBJC_ARC = YES;
				CLANG_WARN_BOOL_CONVERSION = YES;
				CLANG_WARN_CONSTANT_CONVERSION = YES;
				CLANG_WARN_DIRECT_OBJC_ISA_USAGE = YES_ERROR;
				CLANG_WARN_DOCUMENTATION_COMMENTS = YES;
				CLANG_WARN_EMPTY_BODY = YES;
				CLANG_WARN_ENUM_CONVERSION = YES;
				CLANG_WARN_INFINITE_RECURSION = YES;
				CLANG_WARN_INT_CONVERSION = YES;
				CLANG_WARN_OBJC_ROOT_CLASS = YES_ERROR;
				CLANG_WARN_SUSPICIOUS_MOVE = YES;
				CLANG_WARN_UNREACHABLE_CODE = YES;
				CLANG_WARN__DUPLICATE_METHOD_MATCH = YES;
				"CODE_SIGN_IDENTITY[sdk=iphoneos*]" = "iPhone Developer";
				COPY_PHASE_STRIP = NO;
				DEBUG_INFORMATION_FORMAT = "dwarf-with-dsym";
				ENABLE_NS_ASSERTIONS = NO;
				ENABLE_STRICT_OBJC_MSGSEND = YES;
				GCC_C_LANGUAGE_STANDARD = gnu99;
				GCC_NO_COMMON_BLOCKS = YES;
				GCC_WARN_64_TO_32_BIT_CONVERSION = YES;
				GCC_WARN_ABOUT_RETURN_TYPE = YES_ERROR;
				GCC_WARN_UNDECLARED_SELECTOR = YES;
				GCC_WARN_UNINITIALIZED_AUTOS = YES_AGGRESSIVE;
				GCC_WARN_UNUSED_FUNCTION = YES;
				GCC_WARN_UNUSED_VARIABLE = YES;
				IPHONEOS_DEPLOYMENT_TARGET = 10.3;
				MTL_ENABLE_DEBUG_INFO = NO;
				SDKROOT = iphoneos;
				SWIFT_OPTIMIZATION_LEVEL = "-Owholemodule";
				TARGETED_DEVICE_FAMILY = "1,2";
				VALIDATE_PRODUCT = YES;
			};
			name = Release;
		};
		B78310EF1EE52385000AF2CF /* Debug */ = {
			isa = XCBuildConfiguration;
			baseConfigurationReference = 896A4E2DE1476A9F551C0679 /* Pods-Errandzon.debug.xcconfig */;
			buildSettings = {
				ASSETCATALOG_COMPILER_APPICON_NAME = AppIcon;
				"CODE_SIGN_IDENTITY[sdk=iphoneos*]" = "iPhone Developer";
				DEVELOPMENT_TEAM = ZFEYLX8LPQ;
				EMBED_ASSET_PACKS_IN_PRODUCT_BUNDLE = YES;
				FRAMEWORK_SEARCH_PATHS = (
					"$(inherited)",
					"$(PROJECT_DIR)",
				);
				INFOPLIST_FILE = Errandzon/Info.plist;
				LD_RUNPATH_SEARCH_PATHS = "$(inherited) @executable_path/Frameworks";
				PRODUCT_BUNDLE_IDENTIFIER = Revolutionaries.Errandzon;
				PRODUCT_NAME = "$(TARGET_NAME)";
				PROVISIONING_PROFILE_SPECIFIER = "";
				SWIFT_VERSION = 3.0;
			};
			name = Debug;
		};
		B78310F01EE52385000AF2CF /* Release */ = {
			isa = XCBuildConfiguration;
			baseConfigurationReference = 6B05E1425E151C0CEF53E273 /* Pods-Errandzon.release.xcconfig */;
			buildSettings = {
				ASSETCATALOG_COMPILER_APPICON_NAME = AppIcon;
				"CODE_SIGN_IDENTITY[sdk=iphoneos*]" = "iPhone Developer";
				DEVELOPMENT_TEAM = ZFEYLX8LPQ;
				EMBED_ASSET_PACKS_IN_PRODUCT_BUNDLE = YES;
				FRAMEWORK_SEARCH_PATHS = (
					"$(inherited)",
					"$(PROJECT_DIR)",
				);
				INFOPLIST_FILE = Errandzon/Info.plist;
				LD_RUNPATH_SEARCH_PATHS = "$(inherited) @executable_path/Frameworks";
				PRODUCT_BUNDLE_IDENTIFIER = Revolutionaries.Errandzon;
				PRODUCT_NAME = "$(TARGET_NAME)";
				PROVISIONING_PROFILE_SPECIFIER = "";
				SWIFT_VERSION = 3.0;
			};
			name = Release;
		};
/* End XCBuildConfiguration section */

/* Begin XCConfigurationList section */
		B78310D71EE52385000AF2CF /* Build configuration list for PBXProject "Errandzon" */ = {
			isa = XCConfigurationList;
			buildConfigurations = (
				B78310EC1EE52385000AF2CF /* Debug */,
				B78310ED1EE52385000AF2CF /* Release */,
			);
			defaultConfigurationIsVisible = 0;
			defaultConfigurationName = Release;
		};
		B78310EE1EE52385000AF2CF /* Build configuration list for PBXNativeTarget "Errandzon" */ = {
			isa = XCConfigurationList;
			buildConfigurations = (
				B78310EF1EE52385000AF2CF /* Debug */,
				B78310F01EE52385000AF2CF /* Release */,
			);
			defaultConfigurationIsVisible = 0;
			defaultConfigurationName = Release;
		};
/* End XCConfigurationList section */
	};
	rootObject = B78310D41EE52385000AF2CF /* Project object */;
}
